github.com/braheezy/shine-mp3 v0.1.0 h1:N2wZhv6ipCFduTSftaPNdDgZ5xFmQAPvB7JcqA4sSi8=
github.com/braheezy/shine-mp3 v0.1.0/go.mod h1:0H/pmcpFAd+Fnrj6Pc7du7wL36U/HqtfcgPJuCgc1L4=
github.com/hasenbanck/nwa v0.1.0 h1:K71FaDKyLktL0EWvMPSZi/Zjbjd0cCwjxDZCIacJwAQ=
github.com/hasenbanck/nwa v0.1.0/go.mod h1:qESBl5y/0/RS3IFmvjBq5ezI8f9SOgCOj8jn9ZCKUck=
